# This file is autogenerated, do not edit; changes may be undone by the next 'dep ensure'.


[[projects]]
  branch = "master"
  name = "gonum.org/v1/gonum"
  packages = ["blas","blas/blas64","blas/gonum","floats","internal/asm/c128","internal/asm/f32","internal/asm/f64","internal/math32","lapack","lapack/gonum","lapack/lapack64","mat"]
  revision = "637e7b76b9ea1ace629203817cddce3630c2ec93"

[solve-meta]
  analyzer-name = "dep"
  analyzer-version = 1
  inputs-digest = "907836ac228265fa77d678a97594912e0c75283ff06a72305047e6dfe845985e"
  solver-name = "gps-cdcl"
  solver-version = 1
