# This file is autogenerated, do not edit; changes may be undone by the next 'dep ensure'.


[[projects]]
  branch = "master"
  name = "github.com/ctava/gophernet"
  packages = ["gophernet"]
  revision = "fe32b109ee9dabc2c2d3d51d9d587678eaa945eb"

[[projects]]
  branch = "master"
  name = "gonum.org/v1/gonum"
  packages = ["blas","blas/blas64","blas/gonum","floats","internal/asm/c128","internal/asm/f32","internal/asm/f64","internal/math32","lapack","lapack/gonum","lapack/lapack64","mat"]
  revision = "637e7b76b9ea1ace629203817cddce3630c2ec93"

[solve-meta]
  analyzer-name = "dep"
  analyzer-version = 1
  inputs-digest = "67c9cd248ddfa894510ab088f91b6f2733fc96a8dbfdb2b509aec78b7001e81f"
  solver-name = "gps-cdcl"
  solver-version = 1
